Microsoft Visual Studio Solution File, Format Version 12.00
# Visual Studio Version 17
VisualStudioVersion = 17.5.2.0
MinimumVisualStudioVersion = 10.0.40219.1
Project("{2150E333-8FDC-42A3-9474-1A3956D46DE8}") = "05_task_agent", "05_task_agent", "{00882C86-D326-5D17-F2C5-CEDD3CBA012E}"
EndProject
Project("{FAE04EC0-301F-11D3-BF4B-00C04F79EFBC}") = "RailwayAgent", "05_task_agent\RailwayAgent\RailwayAgent.csproj", "{9028D2FA-9AFD-572F-B396-7915A9477CA2}"
EndProject
Global
	GlobalSection(SolutionConfigurationPlatforms) = preSolution
		Debug|Any CPU = Debug|Any CPU
		Release|Any CPU = Release|Any CPU
	EndGlobalSection
	GlobalSection(ProjectConfigurationPlatforms) = postSolution
		{9028D2FA-9AFD-572F-B396-7915A9477CA2}.Debug|Any CPU.ActiveCfg = Debug|Any CPU
		{9028D2FA-9AFD-572F-B396-7915A9477CA2}.Debug|Any CPU.Build.0 = Debug|Any CPU
		{9028D2FA-9AFD-572F-B396-7915A9477CA2}.Release|Any CPU.ActiveCfg = Release|Any CPU
		{9028D2FA-9AFD-572F-B396-7915A9477CA2}.Release|Any CPU.Build.0 = Release|Any CPU
	EndGlobalSection
	GlobalSection(SolutionProperties) = preSolution
		HideSolutionNode = FALSE
	EndGlobalSection
	GlobalSection(NestedProjects) = preSolution
		{9028D2FA-9AFD-572F-B396-7915A9477CA2} = {00882C86-D326-5D17-F2C5-CEDD3CBA012E}
	EndGlobalSection
	GlobalSection(ExtensibilityGlobals) = postSolution
		SolutionGuid = {EF63CEFD-C089-41D8-BF52-FE43726485A4}
	EndGlobalSection
EndGlobal
