
Microsoft Visual Studio Solution File, Format Version 12.00
# Visual Studio Version 17
VisualStudioVersion = 17.5.2.0
MinimumVisualStudioVersion = 10.0.40219.1
Project("{2150E333-8FDC-42A3-9474-1A3956D46DE8}") = "05_task_agent", "05_task_agent", "{00882C86-D326-5D17-F2C5-CEDD3CBA012E}"
EndProject
Project("{FAE04EC0-301F-11D3-BF4B-00C04F79EFBC}") = "RailwayAgent", "05_task_agent\RailwayAgent\RailwayAgent.csproj", "{9028D2FA-9AFD-572F-B396-7915A9477CA2}"
EndProject
Project("{2150E333-8FDC-42A3-9474-1A3956D46DE8}") = "04_task_agent", "04_task_agent", "{A497BF14-13AF-A6C9-6A07-572EBC3FBFD5}"
EndProject
Project("{FAE04EC0-301F-11D3-BF4B-00C04F79EFBC}") = "SpkAgent", "04_task_agent\SpkAgent\SpkAgent.csproj", "{EE00968A-233C-475F-B0D6-F4D6BA0FAA50}"
EndProject
Project("{2150E333-8FDC-42A3-9474-1A3956D46DE8}") = "01_task_agent", "01_task_agent", "{7BFFADB4-7AD0-E168-87BE-DA4BA8F31114}"
EndProject
Project("{FAE04EC0-301F-11D3-BF4B-00C04F79EFBC}") = "PeopleAgent", "01_task_agent\PeopleAgent\PeopleAgent.csproj", "{CBF3B0D2-6C07-4D19-810E-4ED2E8A79192}"
EndProject
Project("{2150E333-8FDC-42A3-9474-1A3956D46DE8}") = "02_task_agent", "02_task_agent", "{4AA77F6F-B287-0B52-894A-778F6C76A408}"
EndProject
Project("{FAE04EC0-301F-11D3-BF4B-00C04F79EFBC}") = "FindHimAgent", "02_task_agent\FindHimAgent\FindHimAgent.csproj", "{C5B87BFC-5C33-46F6-A2BC-16727ADB4095}"
EndProject
Project("{2150E333-8FDC-42A3-9474-1A3956D46DE8}") = "03_task_agent", "03_task_agent", "{83FFD04F-5D7A-9108-166D-89C5655169E4}"
EndProject
Project("{FAE04EC0-301F-11D3-BF4B-00C04F79EFBC}") = "ProxyAgent", "03_task_agent\ProxyAgent\ProxyAgent.csproj", "{2EC12578-3C17-49A3-BEA4-49CCD385183B}"
EndProject
Project("{2150E333-8FDC-42A3-9474-1A3956D46DE8}") = "02_01_agent", "02_01_agent", "{A2E01694-350C-F694-0D63-D91F6BBC7D3F}"
EndProject
Project("{FAE04EC0-301F-11D3-BF4B-00C04F79EFBC}") = "CategorizeAgent", "02_01_agent\CategorizeAgent\CategorizeAgent.csproj", "{6B749A26-08A6-4589-A31B-6AF4BA3C639A}"
EndProject
Project("{FAE04EC0-301F-11D3-BF4B-00C04F79EFBC}") = "CategorizeAgent.AppHost", "02_01_agent\CategorizeAgent.AppHost\CategorizeAgent.AppHost.csproj", "{03C4180E-CC9F-4A19-A390-4C1B6C80781F}"
EndProject
Project("{FAE04EC0-301F-11D3-BF4B-00C04F79EFBC}") = "PeopleAgent.AppHost", "01_task_agent\PeopleAgent.AppHost\PeopleAgent.AppHost.csproj", "{D322196B-3346-4BDC-A1CB-0D732910822B}"
EndProject
Project("{FAE04EC0-301F-11D3-BF4B-00C04F79EFBC}") = "FindHimAgent.AppHost", "02_task_agent\FindHimAgent.AppHost\FindHimAgent.AppHost.csproj", "{608791E7-A74A-4B3D-9ECF-5FE6816C3276}"
EndProject
Project("{FAE04EC0-301F-11D3-BF4B-00C04F79EFBC}") = "ProxyAgent.AppHost", "03_task_agent\ProxyAgent.AppHost\ProxyAgent.AppHost.csproj", "{F1669311-8FB9-4B19-88A3-584D055AB712}"
EndProject
Project("{FAE04EC0-301F-11D3-BF4B-00C04F79EFBC}") = "SpkAgent.AppHost", "04_task_agent\SpkAgent.AppHost\SpkAgent.AppHost.csproj", "{36990249-3712-4FAA-AECF-A808453753B8}"
EndProject
Project("{FAE04EC0-301F-11D3-BF4B-00C04F79EFBC}") = "RailwayAgent.AppHost", "05_task_agent\RailwayAgent.AppHost\RailwayAgent.AppHost.csproj", "{DFB7157A-82D7-446B-8943-A10255467CC3}"
EndProject
Global
	GlobalSection(SolutionConfigurationPlatforms) = preSolution
		Debug|Any CPU = Debug|Any CPU
		Debug|x64 = Debug|x64
		Debug|x86 = Debug|x86
		Release|Any CPU = Release|Any CPU
		Release|x64 = Release|x64
		Release|x86 = Release|x86
	EndGlobalSection
	GlobalSection(ProjectConfigurationPlatforms) = postSolution
		{9028D2FA-9AFD-572F-B396-7915A9477CA2}.Debug|Any CPU.ActiveCfg = Debug|Any CPU
		{9028D2FA-9AFD-572F-B396-7915A9477CA2}.Debug|Any CPU.Build.0 = Debug|Any CPU
		{9028D2FA-9AFD-572F-B396-7915A9477CA2}.Debug|x64.ActiveCfg = Debug|Any CPU
		{9028D2FA-9AFD-572F-B396-7915A9477CA2}.Debug|x64.Build.0 = Debug|Any CPU
		{9028D2FA-9AFD-572F-B396-7915A9477CA2}.Debug|x86.ActiveCfg = Debug|Any CPU
		{9028D2FA-9AFD-572F-B396-7915A9477CA2}.Debug|x86.Build.0 = Debug|Any CPU
		{9028D2FA-9AFD-572F-B396-7915A9477CA2}.Release|Any CPU.ActiveCfg = Release|Any CPU
		{9028D2FA-9AFD-572F-B396-7915A9477CA2}.Release|Any CPU.Build.0 = Release|Any CPU
		{9028D2FA-9AFD-572F-B396-7915A9477CA2}.Release|x64.ActiveCfg = Release|Any CPU
		{9028D2FA-9AFD-572F-B396-7915A9477CA2}.Release|x64.Build.0 = Release|Any CPU
		{9028D2FA-9AFD-572F-B396-7915A9477CA2}.Release|x86.ActiveCfg = Release|Any CPU
		{9028D2FA-9AFD-572F-B396-7915A9477CA2}.Release|x86.Build.0 = Release|Any CPU
		{EE00968A-233C-475F-B0D6-F4D6BA0FAA50}.Debug|Any CPU.ActiveCfg = Debug|Any CPU
		{EE00968A-233C-475F-B0D6-F4D6BA0FAA50}.Debug|Any CPU.Build.0 = Debug|Any CPU
		{EE00968A-233C-475F-B0D6-F4D6BA0FAA50}.Debug|x64.ActiveCfg = Debug|Any CPU
		{EE00968A-233C-475F-B0D6-F4D6BA0FAA50}.Debug|x64.Build.0 = Debug|Any CPU
		{EE00968A-233C-475F-B0D6-F4D6BA0FAA50}.Debug|x86.ActiveCfg = Debug|Any CPU
		{EE00968A-233C-475F-B0D6-F4D6BA0FAA50}.Debug|x86.Build.0 = Debug|Any CPU
		{EE00968A-233C-475F-B0D6-F4D6BA0FAA50}.Release|Any CPU.ActiveCfg = Release|Any CPU
		{EE00968A-233C-475F-B0D6-F4D6BA0FAA50}.Release|Any CPU.Build.0 = Release|Any CPU
		{EE00968A-233C-475F-B0D6-F4D6BA0FAA50}.Release|x64.ActiveCfg = Release|Any CPU
		{EE00968A-233C-475F-B0D6-F4D6BA0FAA50}.Release|x64.Build.0 = Release|Any CPU
		{EE00968A-233C-475F-B0D6-F4D6BA0FAA50}.Release|x86.ActiveCfg = Release|Any CPU
		{EE00968A-233C-475F-B0D6-F4D6BA0FAA50}.Release|x86.Build.0 = Release|Any CPU
		{CBF3B0D2-6C07-4D19-810E-4ED2E8A79192}.Debug|Any CPU.ActiveCfg = Debug|Any CPU
		{CBF3B0D2-6C07-4D19-810E-4ED2E8A79192}.Debug|Any CPU.Build.0 = Debug|Any CPU
		{CBF3B0D2-6C07-4D19-810E-4ED2E8A79192}.Debug|x64.ActiveCfg = Debug|Any CPU
		{CBF3B0D2-6C07-4D19-810E-4ED2E8A79192}.Debug|x64.Build.0 = Debug|Any CPU
		{CBF3B0D2-6C07-4D19-810E-4ED2E8A79192}.Debug|x86.ActiveCfg = Debug|Any CPU
		{CBF3B0D2-6C07-4D19-810E-4ED2E8A79192}.Debug|x86.Build.0 = Debug|Any CPU
		{CBF3B0D2-6C07-4D19-810E-4ED2E8A79192}.Release|Any CPU.ActiveCfg = Release|Any CPU
		{CBF3B0D2-6C07-4D19-810E-4ED2E8A79192}.Release|Any CPU.Build.0 = Release|Any CPU
		{CBF3B0D2-6C07-4D19-810E-4ED2E8A79192}.Release|x64.ActiveCfg = Release|Any CPU
		{CBF3B0D2-6C07-4D19-810E-4ED2E8A79192}.Release|x64.Build.0 = Release|Any CPU
		{CBF3B0D2-6C07-4D19-810E-4ED2E8A79192}.Release|x86.ActiveCfg = Release|Any CPU
		{CBF3B0D2-6C07-4D19-810E-4ED2E8A79192}.Release|x86.Build.0 = Release|Any CPU
		{C5B87BFC-5C33-46F6-A2BC-16727ADB4095}.Debug|Any CPU.ActiveCfg = Debug|Any CPU
		{C5B87BFC-5C33-46F6-A2BC-16727ADB4095}.Debug|Any CPU.Build.0 = Debug|Any CPU
		{C5B87BFC-5C33-46F6-A2BC-16727ADB4095}.Debug|x64.ActiveCfg = Debug|Any CPU
		{C5B87BFC-5C33-46F6-A2BC-16727ADB4095}.Debug|x64.Build.0 = Debug|Any CPU
		{C5B87BFC-5C33-46F6-A2BC-16727ADB4095}.Debug|x86.ActiveCfg = Debug|Any CPU
		{C5B87BFC-5C33-46F6-A2BC-16727ADB4095}.Debug|x86.Build.0 = Debug|Any CPU
		{C5B87BFC-5C33-46F6-A2BC-16727ADB4095}.Release|Any CPU.ActiveCfg = Release|Any CPU
		{C5B87BFC-5C33-46F6-A2BC-16727ADB4095}.Release|Any CPU.Build.0 = Release|Any CPU
		{C5B87BFC-5C33-46F6-A2BC-16727ADB4095}.Release|x64.ActiveCfg = Release|Any CPU
		{C5B87BFC-5C33-46F6-A2BC-16727ADB4095}.Release|x64.Build.0 = Release|Any CPU
		{C5B87BFC-5C33-46F6-A2BC-16727ADB4095}.Release|x86.ActiveCfg = Release|Any CPU
		{C5B87BFC-5C33-46F6-A2BC-16727ADB4095}.Release|x86.Build.0 = Release|Any CPU
		{2EC12578-3C17-49A3-BEA4-49CCD385183B}.Debug|Any CPU.ActiveCfg = Debug|Any CPU
		{2EC12578-3C17-49A3-BEA4-49CCD385183B}.Debug|Any CPU.Build.0 = Debug|Any CPU
		{2EC12578-3C17-49A3-BEA4-49CCD385183B}.Debug|x64.ActiveCfg = Debug|Any CPU
		{2EC12578-3C17-49A3-BEA4-49CCD385183B}.Debug|x64.Build.0 = Debug|Any CPU
		{2EC12578-3C17-49A3-BEA4-49CCD385183B}.Debug|x86.ActiveCfg = Debug|Any CPU
		{2EC12578-3C17-49A3-BEA4-49CCD385183B}.Debug|x86.Build.0 = Debug|Any CPU
		{2EC12578-3C17-49A3-BEA4-49CCD385183B}.Release|Any CPU.ActiveCfg = Release|Any CPU
		{2EC12578-3C17-49A3-BEA4-49CCD385183B}.Release|Any CPU.Build.0 = Release|Any CPU
		{2EC12578-3C17-49A3-BEA4-49CCD385183B}.Release|x64.ActiveCfg = Release|Any CPU
		{2EC12578-3C17-49A3-BEA4-49CCD385183B}.Release|x64.Build.0 = Release|Any CPU
		{2EC12578-3C17-49A3-BEA4-49CCD385183B}.Release|x86.ActiveCfg = Release|Any CPU
		{2EC12578-3C17-49A3-BEA4-49CCD385183B}.Release|x86.Build.0 = Release|Any CPU
		{6B749A26-08A6-4589-A31B-6AF4BA3C639A}.Debug|Any CPU.ActiveCfg = Debug|Any CPU
		{6B749A26-08A6-4589-A31B-6AF4BA3C639A}.Debug|Any CPU.Build.0 = Debug|Any CPU
		{6B749A26-08A6-4589-A31B-6AF4BA3C639A}.Debug|x64.ActiveCfg = Debug|Any CPU
		{6B749A26-08A6-4589-A31B-6AF4BA3C639A}.Debug|x64.Build.0 = Debug|Any CPU
		{6B749A26-08A6-4589-A31B-6AF4BA3C639A}.Debug|x86.ActiveCfg = Debug|Any CPU
		{6B749A26-08A6-4589-A31B-6AF4BA3C639A}.Debug|x86.Build.0 = Debug|Any CPU
		{6B749A26-08A6-4589-A31B-6AF4BA3C639A}.Release|Any CPU.ActiveCfg = Release|Any CPU
		{6B749A26-08A6-4589-A31B-6AF4BA3C639A}.Release|Any CPU.Build.0 = Release|Any CPU
		{6B749A26-08A6-4589-A31B-6AF4BA3C639A}.Release|x64.ActiveCfg = Release|Any CPU
		{6B749A26-08A6-4589-A31B-6AF4BA3C639A}.Release|x64.Build.0 = Release|Any CPU
		{6B749A26-08A6-4589-A31B-6AF4BA3C639A}.Release|x86.ActiveCfg = Release|Any CPU
		{6B749A26-08A6-4589-A31B-6AF4BA3C639A}.Release|x86.Build.0 = Release|Any CPU
		{03C4180E-CC9F-4A19-A390-4C1B6C80781F}.Debug|Any CPU.ActiveCfg = Debug|Any CPU
		{03C4180E-CC9F-4A19-A390-4C1B6C80781F}.Debug|Any CPU.Build.0 = Debug|Any CPU
		{03C4180E-CC9F-4A19-A390-4C1B6C80781F}.Debug|x64.ActiveCfg = Debug|Any CPU
		{03C4180E-CC9F-4A19-A390-4C1B6C80781F}.Debug|x64.Build.0 = Debug|Any CPU
		{03C4180E-CC9F-4A19-A390-4C1B6C80781F}.Debug|x86.ActiveCfg = Debug|Any CPU
		{03C4180E-CC9F-4A19-A390-4C1B6C80781F}.Debug|x86.Build.0 = Debug|Any CPU
		{03C4180E-CC9F-4A19-A390-4C1B6C80781F}.Release|Any CPU.ActiveCfg = Release|Any CPU
		{03C4180E-CC9F-4A19-A390-4C1B6C80781F}.Release|Any CPU.Build.0 = Release|Any CPU
		{03C4180E-CC9F-4A19-A390-4C1B6C80781F}.Release|x64.ActiveCfg = Release|Any CPU
		{03C4180E-CC9F-4A19-A390-4C1B6C80781F}.Release|x64.Build.0 = Release|Any CPU
		{03C4180E-CC9F-4A19-A390-4C1B6C80781F}.Release|x86.ActiveCfg = Release|Any CPU
		{03C4180E-CC9F-4A19-A390-4C1B6C80781F}.Release|x86.Build.0 = Release|Any CPU
		{D322196B-3346-4BDC-A1CB-0D732910822B}.Debug|Any CPU.ActiveCfg = Debug|Any CPU
		{D322196B-3346-4BDC-A1CB-0D732910822B}.Debug|Any CPU.Build.0 = Debug|Any CPU
		{D322196B-3346-4BDC-A1CB-0D732910822B}.Debug|x64.ActiveCfg = Debug|Any CPU
		{D322196B-3346-4BDC-A1CB-0D732910822B}.Debug|x64.Build.0 = Debug|Any CPU
		{D322196B-3346-4BDC-A1CB-0D732910822B}.Debug|x86.ActiveCfg = Debug|Any CPU
		{D322196B-3346-4BDC-A1CB-0D732910822B}.Debug|x86.Build.0 = Debug|Any CPU
		{D322196B-3346-4BDC-A1CB-0D732910822B}.Release|Any CPU.ActiveCfg = Release|Any CPU
		{D322196B-3346-4BDC-A1CB-0D732910822B}.Release|Any CPU.Build.0 = Release|Any CPU
		{D322196B-3346-4BDC-A1CB-0D732910822B}.Release|x64.ActiveCfg = Release|Any CPU
		{D322196B-3346-4BDC-A1CB-0D732910822B}.Release|x64.Build.0 = Release|Any CPU
		{D322196B-3346-4BDC-A1CB-0D732910822B}.Release|x86.ActiveCfg = Release|Any CPU
		{D322196B-3346-4BDC-A1CB-0D732910822B}.Release|x86.Build.0 = Release|Any CPU
		{608791E7-A74A-4B3D-9ECF-5FE6816C3276}.Debug|Any CPU.ActiveCfg = Debug|Any CPU
		{608791E7-A74A-4B3D-9ECF-5FE6816C3276}.Debug|Any CPU.Build.0 = Debug|Any CPU
		{608791E7-A74A-4B3D-9ECF-5FE6816C3276}.Debug|x64.ActiveCfg = Debug|Any CPU
		{608791E7-A74A-4B3D-9ECF-5FE6816C3276}.Debug|x64.Build.0 = Debug|Any CPU
		{608791E7-A74A-4B3D-9ECF-5FE6816C3276}.Debug|x86.ActiveCfg = Debug|Any CPU
		{608791E7-A74A-4B3D-9ECF-5FE6816C3276}.Debug|x86.Build.0 = Debug|Any CPU
		{608791E7-A74A-4B3D-9ECF-5FE6816C3276}.Release|Any CPU.ActiveCfg = Release|Any CPU
		{608791E7-A74A-4B3D-9ECF-5FE6816C3276}.Release|Any CPU.Build.0 = Release|Any CPU
		{608791E7-A74A-4B3D-9ECF-5FE6816C3276}.Release|x64.ActiveCfg = Release|Any CPU
		{608791E7-A74A-4B3D-9ECF-5FE6816C3276}.Release|x64.Build.0 = Release|Any CPU
		{608791E7-A74A-4B3D-9ECF-5FE6816C3276}.Release|x86.ActiveCfg = Release|Any CPU
		{608791E7-A74A-4B3D-9ECF-5FE6816C3276}.Release|x86.Build.0 = Release|Any CPU
		{F1669311-8FB9-4B19-88A3-584D055AB712}.Debug|Any CPU.ActiveCfg = Debug|Any CPU
		{F1669311-8FB9-4B19-88A3-584D055AB712}.Debug|Any CPU.Build.0 = Debug|Any CPU
		{F1669311-8FB9-4B19-88A3-584D055AB712}.Debug|x64.ActiveCfg = Debug|Any CPU
		{F1669311-8FB9-4B19-88A3-584D055AB712}.Debug|x64.Build.0 = Debug|Any CPU
		{F1669311-8FB9-4B19-88A3-584D055AB712}.Debug|x86.ActiveCfg = Debug|Any CPU
		{F1669311-8FB9-4B19-88A3-584D055AB712}.Debug|x86.Build.0 = Debug|Any CPU
		{F1669311-8FB9-4B19-88A3-584D055AB712}.Release|Any CPU.ActiveCfg = Release|Any CPU
		{F1669311-8FB9-4B19-88A3-584D055AB712}.Release|Any CPU.Build.0 = Release|Any CPU
		{F1669311-8FB9-4B19-88A3-584D055AB712}.Release|x64.ActiveCfg = Release|Any CPU
		{F1669311-8FB9-4B19-88A3-584D055AB712}.Release|x64.Build.0 = Release|Any CPU
		{F1669311-8FB9-4B19-88A3-584D055AB712}.Release|x86.ActiveCfg = Release|Any CPU
		{F1669311-8FB9-4B19-88A3-584D055AB712}.Release|x86.Build.0 = Release|Any CPU
		{36990249-3712-4FAA-AECF-A808453753B8}.Debug|Any CPU.ActiveCfg = Debug|Any CPU
		{36990249-3712-4FAA-AECF-A808453753B8}.Debug|Any CPU.Build.0 = Debug|Any CPU
		{36990249-3712-4FAA-AECF-A808453753B8}.Debug|x64.ActiveCfg = Debug|Any CPU
		{36990249-3712-4FAA-AECF-A808453753B8}.Debug|x64.Build.0 = Debug|Any CPU
		{36990249-3712-4FAA-AECF-A808453753B8}.Debug|x86.ActiveCfg = Debug|Any CPU
		{36990249-3712-4FAA-AECF-A808453753B8}.Debug|x86.Build.0 = Debug|Any CPU
		{36990249-3712-4FAA-AECF-A808453753B8}.Release|Any CPU.ActiveCfg = Release|Any CPU
		{36990249-3712-4FAA-AECF-A808453753B8}.Release|Any CPU.Build.0 = Release|Any CPU
		{36990249-3712-4FAA-AECF-A808453753B8}.Release|x64.ActiveCfg = Release|Any CPU
		{36990249-3712-4FAA-AECF-A808453753B8}.Release|x64.Build.0 = Release|Any CPU
		{36990249-3712-4FAA-AECF-A808453753B8}.Release|x86.ActiveCfg = Release|Any CPU
		{36990249-3712-4FAA-AECF-A808453753B8}.Release|x86.Build.0 = Release|Any CPU
		{DFB7157A-82D7-446B-8943-A10255467CC3}.Debug|Any CPU.ActiveCfg = Debug|Any CPU
		{DFB7157A-82D7-446B-8943-A10255467CC3}.Debug|Any CPU.Build.0 = Debug|Any CPU
		{DFB7157A-82D7-446B-8943-A10255467CC3}.Debug|x64.ActiveCfg = Debug|Any CPU
		{DFB7157A-82D7-446B-8943-A10255467CC3}.Debug|x64.Build.0 = Debug|Any CPU
		{DFB7157A-82D7-446B-8943-A10255467CC3}.Debug|x86.ActiveCfg = Debug|Any CPU
		{DFB7157A-82D7-446B-8943-A10255467CC3}.Debug|x86.Build.0 = Debug|Any CPU
		{DFB7157A-82D7-446B-8943-A10255467CC3}.Release|Any CPU.ActiveCfg = Release|Any CPU
		{DFB7157A-82D7-446B-8943-A10255467CC3}.Release|Any CPU.Build.0 = Release|Any CPU
		{DFB7157A-82D7-446B-8943-A10255467CC3}.Release|x64.ActiveCfg = Release|Any CPU
		{DFB7157A-82D7-446B-8943-A10255467CC3}.Release|x64.Build.0 = Release|Any CPU
		{DFB7157A-82D7-446B-8943-A10255467CC3}.Release|x86.ActiveCfg = Release|Any CPU
		{DFB7157A-82D7-446B-8943-A10255467CC3}.Release|x86.Build.0 = Release|Any CPU
	EndGlobalSection
	GlobalSection(SolutionProperties) = preSolution
		HideSolutionNode = FALSE
	EndGlobalSection
	GlobalSection(NestedProjects) = preSolution
		{9028D2FA-9AFD-572F-B396-7915A9477CA2} = {00882C86-D326-5D17-F2C5-CEDD3CBA012E}
		{EE00968A-233C-475F-B0D6-F4D6BA0FAA50} = {A497BF14-13AF-A6C9-6A07-572EBC3FBFD5}
		{CBF3B0D2-6C07-4D19-810E-4ED2E8A79192} = {7BFFADB4-7AD0-E168-87BE-DA4BA8F31114}
		{C5B87BFC-5C33-46F6-A2BC-16727ADB4095} = {4AA77F6F-B287-0B52-894A-778F6C76A408}
		{2EC12578-3C17-49A3-BEA4-49CCD385183B} = {83FFD04F-5D7A-9108-166D-89C5655169E4}
		{6B749A26-08A6-4589-A31B-6AF4BA3C639A} = {A2E01694-350C-F694-0D63-D91F6BBC7D3F}
		{03C4180E-CC9F-4A19-A390-4C1B6C80781F} = {A2E01694-350C-F694-0D63-D91F6BBC7D3F}
		{D322196B-3346-4BDC-A1CB-0D732910822B} = {7BFFADB4-7AD0-E168-87BE-DA4BA8F31114}
		{608791E7-A74A-4B3D-9ECF-5FE6816C3276} = {4AA77F6F-B287-0B52-894A-778F6C76A408}
		{F1669311-8FB9-4B19-88A3-584D055AB712} = {83FFD04F-5D7A-9108-166D-89C5655169E4}
		{36990249-3712-4FAA-AECF-A808453753B8} = {A497BF14-13AF-A6C9-6A07-572EBC3FBFD5}
		{DFB7157A-82D7-446B-8943-A10255467CC3} = {00882C86-D326-5D17-F2C5-CEDD3CBA012E}
	EndGlobalSection
	GlobalSection(ExtensibilityGlobals) = postSolution
		SolutionGuid = {EF63CEFD-C089-41D8-BF52-FE43726485A4}
	EndGlobalSection
EndGlobal
