Microsoft Visual Studio Solution File, Format Version 12.00
# Visual Studio Version 17
VisualStudioVersion = 17.5.2.0
MinimumVisualStudioVersion = 10.0.40219.1
Project("{FAE04EC0-301F-11D3-BF4B-00C04F79EFBC}") = "ElectricityAgent", "ElectricityAgent\ElectricityAgent.csproj", "{8C7CB6D1-5F27-B31F-5655-FED45F55DDBE}"
EndProject
Project("{FAE04EC0-301F-11D3-BF4B-00C04F79EFBC}") = "ElectricityAgent.AppHost", "ElectricityAgent.AppHost\ElectricityAgent.AppHost.csproj", "{49BA3C0C-A3E6-7312-7F64-1174A59CCA94}"
EndProject
Global
	GlobalSection(SolutionConfigurationPlatforms) = preSolution
		Debug|Any CPU = Debug|Any CPU
		Release|Any CPU = Release|Any CPU
	EndGlobalSection
	GlobalSection(ProjectConfigurationPlatforms) = postSolution
		{8C7CB6D1-5F27-B31F-5655-FED45F55DDBE}.Debug|Any CPU.ActiveCfg = Debug|Any CPU
		{8C7CB6D1-5F27-B31F-5655-FED45F55DDBE}.Debug|Any CPU.Build.0 = Debug|Any CPU
		{8C7CB6D1-5F27-B31F-5655-FED45F55DDBE}.Release|Any CPU.ActiveCfg = Release|Any CPU
		{8C7CB6D1-5F27-B31F-5655-FED45F55DDBE}.Release|Any CPU.Build.0 = Release|Any CPU
		{49BA3C0C-A3E6-7312-7F64-1174A59CCA94}.Debug|Any CPU.ActiveCfg = Debug|Any CPU
		{49BA3C0C-A3E6-7312-7F64-1174A59CCA94}.Debug|Any CPU.Build.0 = Debug|Any CPU
		{49BA3C0C-A3E6-7312-7F64-1174A59CCA94}.Release|Any CPU.ActiveCfg = Release|Any CPU
		{49BA3C0C-A3E6-7312-7F64-1174A59CCA94}.Release|Any CPU.Build.0 = Release|Any CPU
	EndGlobalSection
	GlobalSection(SolutionProperties) = preSolution
		HideSolutionNode = FALSE
	EndGlobalSection
	GlobalSection(ExtensibilityGlobals) = postSolution
		SolutionGuid = {991B9810-267A-438E-A75F-FA42B5297D1A}
	EndGlobalSection
EndGlobal
